
Microsoft Visual Studio Solution File, Format Version 12.00
# Visual Studio Version 16
VisualStudioVersion = 16.0.31321.278
MinimumVisualStudioVersion = 10.0.40219.1
Project("{FAE04EC0-301F-11D3-BF4B-00C04F79EFBC}") = "Multithreading", "Multithreading\Multithreading.csproj", "{29E0A3D5-4869-4774-9079-379D869624E8}"
EndProject
Global
	GlobalSection(SolutionConfigurationPlatforms) = preSolution
		Debug|Any CPU = Debug|Any CPU
		Release|Any CPU = Release|Any CPU
	EndGlobalSection
	GlobalSection(ProjectConfigurationPlatforms) = postSolution
		{29E0A3D5-4869-4774-9079-379D869624E8}.Debug|Any CPU.ActiveCfg = Debug|Any CPU
		{29E0A3D5-4869-4774-9079-379D869624E8}.Debug|Any CPU.Build.0 = Debug|Any CPU
		{29E0A3D5-4869-4774-9079-379D869624E8}.Release|Any CPU.ActiveCfg = Release|Any CPU
		{29E0A3D5-4869-4774-9079-379D869624E8}.Release|Any CPU.Build.0 = Release|Any CPU
	EndGlobalSection
	GlobalSection(SolutionProperties) = preSolution
		HideSolutionNode = FALSE
	EndGlobalSection
	GlobalSection(ExtensibilityGlobals) = postSolution
		SolutionGuid = {4649E19D-92FF-4FD2-AE0B-3EFFD64FCE7C}
	EndGlobalSection
EndGlobal
